// !$*UTF8*$!
{
	archiveVersion = 1;
	classes = {
	};
	objectVersion = 50;
	objects = {

/* Begin PBXBuildFile section */
		BF474D8A21815D0A00E59B9C /* TaskModel.swift in Sources */ = {isa = PBXBuildFile; fileRef = BF474D8921815D0A00E59B9C /* TaskModel.swift */; };
		BF69D3C0217B0E0400C84AC1 /* AppDelegate.swift in Sources */ = {isa = PBXBuildFile; fileRef = BF69D3BF217B0E0400C84AC1 /* AppDelegate.swift */; };
		BF69D3C2217B0E0400C84AC1 /* ViewController.swift in Sources */ = {isa = PBXBuildFile; fileRef = BF69D3C1217B0E0400C84AC1 /* ViewController.swift */; };
		BF69D3C5217B0E0400C84AC1 /* Main.storyboard in Resources */ = {isa = PBXBuildFile; fileRef = BF69D3C3217B0E0400C84AC1 /* Main.storyboard */; };
		BF69D3C7217B0E0A00C84AC1 /* Assets.xcassets in Resources */ = {isa = PBXBuildFile; fileRef = BF69D3C6217B0E0A00C84AC1 /* Assets.xcassets */; };
		BF69D3CA217B0E0A00C84AC1 /* LaunchScreen.storyboard in Resources */ = {isa = PBXBuildFile; fileRef = BF69D3C8217B0E0A00C84AC1 /* LaunchScreen.storyboard */; };
		BF8244F42183E6DB004105FB /* ListModel.swift in Sources */ = {isa = PBXBuildFile; fileRef = BF8244F32183E6DB004105FB /* ListModel.swift */; };
		BF8244F62183F034004105FB /* MyLogger.swift in Sources */ = {isa = PBXBuildFile; fileRef = BF8244F52183F034004105FB /* MyLogger.swift */; };
		BF855D5621841DCD00117AE0 /* TodoListTableViewCell.swift in Sources */ = {isa = PBXBuildFile; fileRef = BF855D5521841DCD00117AE0 /* TodoListTableViewCell.swift */; };
		BF855D5821841E2C00117AE0 /* TodoListTableViewController.swift in Sources */ = {isa = PBXBuildFile; fileRef = BF855D5721841E2C00117AE0 /* TodoListTableViewController.swift */; };
		BF8D37C421855633000EE884 /* TaskImageInfo.swift in Sources */ = {isa = PBXBuildFile; fileRef = BF8D37C321855633000EE884 /* TaskImageInfo.swift */; };
		BF952A2D218136E100414D55 /* RecentreController.swift in Sources */ = {isa = PBXBuildFile; fileRef = BF952A2C218136E100414D55 /* RecentreController.swift */; };
/* End PBXBuildFile section */

/* Begin PBXFileReference section */
		BF474D8921815D0A00E59B9C /* TaskModel.swift */ = {isa = PBXFileReference; lastKnownFileType = sourcecode.swift; path = TaskModel.swift; sourceTree = "<group>"; };
		BF69D3BC217B0E0400C84AC1 /* TdoList.app */ = {isa = PBXFileReference; explicitFileType = wrapper.application; includeInIndex = 0; path = TdoList.app; sourceTree = BUILT_PRODUCTS_DIR; };
		BF69D3BF217B0E0400C84AC1 /* AppDelegate.swift */ = {isa = PBXFileReference; lastKnownFileType = sourcecode.swift; path = AppDelegate.swift; sourceTree = "<group>"; };
		BF69D3C1217B0E0400C84AC1 /* ViewController.swift */ = {isa = PBXFileReference; lastKnownFileType = sourcecode.swift; path = ViewController.swift; sourceTree = "<group>"; };
		BF69D3C4217B0E0400C84AC1 /* Base */ = {isa = PBXFileReference; lastKnownFileType = file.storyboard; name = Base; path = Base.lproj/Main.storyboard; sourceTree = "<group>"; };
		BF69D3C6217B0E0A00C84AC1 /* Assets.xcassets */ = {isa = PBXFileReference; lastKnownFileType = folder.assetcatalog; path = Assets.xcassets; sourceTree = "<group>"; };
		BF69D3C9217B0E0A00C84AC1 /* Base */ = {isa = PBXFileReference; lastKnownFileType = file.storyboard; name = Base; path = Base.lproj/LaunchScreen.storyboard; sourceTree = "<group>"; };
		BF69D3CB217B0E0A00C84AC1 /* Info.plist */ = {isa = PBXFileReference; lastKnownFileType = text.plist.xml; path = Info.plist; sourceTree = "<group>"; };
		BF8244F32183E6DB004105FB /* ListModel.swift */ = {isa = PBXFileReference; lastKnownFileType = sourcecode.swift; path = ListModel.swift; sourceTree = "<group>"; };
		BF8244F52183F034004105FB /* MyLogger.swift */ = {isa = PBXFileReference; lastKnownFileType = sourcecode.swift; path = MyLogger.swift; sourceTree = "<group>"; };
		BF855D5521841DCD00117AE0 /* TodoListTableViewCell.swift */ = {isa = PBXFileReference; lastKnownFileType = sourcecode.swift; path = TodoListTableViewCell.swift; sourceTree = "<group>"; };
		BF855D5721841E2C00117AE0 /* TodoListTableViewController.swift */ = {isa = PBXFileReference; lastKnownFileType = sourcecode.swift; path = TodoListTableViewController.swift; sourceTree = "<group>"; };
		BF8D37C321855633000EE884 /* TaskImageInfo.swift */ = {isa = PBXFileReference; lastKnownFileType = sourcecode.swift; path = TaskImageInfo.swift; sourceTree = "<group>"; };
		BF952A2C218136E100414D55 /* RecentreController.swift */ = {isa = PBXFileReference; lastKnownFileType = sourcecode.swift; path = RecentreController.swift; sourceTree = "<group>"; };
/* End PBXFileReference section */

/* Begin PBXFrameworksBuildPhase section */
		BF69D3B9217B0E0400C84AC1 /* Frameworks */ = {
			isa = PBXFrameworksBuildPhase;
			buildActionMask = 2147483647;
			files = (
			);
			runOnlyForDeploymentPostprocessing = 0;
		};
/* End PBXFrameworksBuildPhase section */

/* Begin PBXGroup section */
		BF69D3B3217B0E0400C84AC1 = {
			isa = PBXGroup;
			children = (
				BF69D3BE217B0E0400C84AC1 /* TdoList */,
				BF69D3BD217B0E0400C84AC1 /* Products */,
			);
			sourceTree = "<group>";
		};
		BF69D3BD217B0E0400C84AC1 /* Products */ = {
			isa = PBXGroup;
			children = (
				BF69D3BC217B0E0400C84AC1 /* TdoList.app */,
			);
			name = Products;
			sourceTree = "<group>";
		};
		BF69D3BE217B0E0400C84AC1 /* TdoList */ = {
			isa = PBXGroup;
			children = (
				BF69D3BF217B0E0400C84AC1 /* AppDelegate.swift */,
				BF855D5721841E2C00117AE0 /* TodoListTableViewController.swift */,
				BF69D3C1217B0E0400C84AC1 /* ViewController.swift */,
				BF69D3C3217B0E0400C84AC1 /* Main.storyboard */,
				BF8244F52183F034004105FB /* MyLogger.swift */,
				BF69D3C6217B0E0A00C84AC1 /* Assets.xcassets */,
				BF69D3C8217B0E0A00C84AC1 /* LaunchScreen.storyboard */,
				BF69D3CB217B0E0A00C84AC1 /* Info.plist */,
				BF855D5521841DCD00117AE0 /* TodoListTableViewCell.swift */,
				BF952A2C218136E100414D55 /* RecentreController.swift */,
				BF474D8921815D0A00E59B9C /* TaskModel.swift */,
				BF8244F32183E6DB004105FB /* ListModel.swift */,
				BF8D37C321855633000EE884 /* TaskImageInfo.swift */,
			);
			path = TdoList;
			sourceTree = "<group>";
		};
/* End PBXGroup section */

/* Begin PBXNativeTarget section */
		BF69D3BB217B0E0400C84AC1 /* TdoList */ = {
			isa = PBXNativeTarget;
			buildConfigurationList = BF69D3CE217B0E0A00C84AC1 /* Build configuration list for PBXNativeTarget "TdoList" */;
			buildPhases = (
				BF69D3B8217B0E0400C84AC1 /* Sources */,
				BF69D3B9217B0E0400C84AC1 /* Frameworks */,
				BF69D3BA217B0E0400C84AC1 /* Resources */,
			);
			buildRules = (
			);
			dependencies = (
			);
			name = TdoList;
			productName = TdoList;
			productReference = BF69D3BC217B0E0400C84AC1 /* TdoList.app */;
			productType = "com.apple.product-type.application";
		};
/* End PBXNativeTarget section */

/* Begin PBXProject section */
		BF69D3B4217B0E0400C84AC1 /* Project object */ = {
			isa = PBXProject;
			attributes = {
				LastSwiftUpdateCheck = 1000;
				LastUpgradeCheck = 1000;
				ORGANIZATIONNAME = "Nilaykumar Jha";
				TargetAttributes = {
					BF69D3BB217B0E0400C84AC1 = {
						CreatedOnToolsVersion = 10.0;
					};
				};
			};
			buildConfigurationList = BF69D3B7217B0E0400C84AC1 /* Build configuration list for PBXProject "TdoList" */;
			compatibilityVersion = "Xcode 9.3";
			developmentRegion = en;
			hasScannedForEncodings = 0;
			knownRegions = (
				en,
				Base,
			);
			mainGroup = BF69D3B3217B0E0400C84AC1;
			productRefGroup = BF69D3BD217B0E0400C84AC1 /* Products */;
			projectDirPath = "";
			projectRoot = "";
			targets = (
				BF69D3BB217B0E0400C84AC1 /* TdoList */,
			);
		};
/* End PBXProject section */

/* Begin PBXResourcesBuildPhase section */
		BF69D3BA217B0E0400C84AC1 /* Resources */ = {
			isa = PBXResourcesBuildPhase;
			buildActionMask = 2147483647;
			files = (
				BF69D3CA217B0E0A00C84AC1 /* LaunchScreen.storyboard in Resources */,
				BF69D3C7217B0E0A00C84AC1 /* Assets.xcassets in Resources */,
				BF69D3C5217B0E0400C84AC1 /* Main.storyboard in Resources */,
			);
			runOnlyForDeploymentPostprocessing = 0;
		};
/* End PBXResourcesBuildPhase section */

/* Begin PBXSourcesBuildPhase section */
		BF69D3B8217B0E0400C84AC1 /* Sources */ = {
			isa = PBXSourcesBuildPhase;
			buildActionMask = 2147483647;
			files = (
				BF8D37C421855633000EE884 /* TaskImageInfo.swift in Sources */,
				BF69D3C2217B0E0400C84AC1 /* ViewController.swift in Sources */,
				BF69D3C0217B0E0400C84AC1 /* AppDelegate.swift in Sources */,
				BF855D5621841DCD00117AE0 /* TodoListTableViewCell.swift in Sources */,
				BF474D8A21815D0A00E59B9C /* TaskModel.swift in Sources */,
				BF8244F62183F034004105FB /* MyLogger.swift in Sources */,
				BF952A2D218136E100414D55 /* RecentreController.swift in Sources */,
				BF8244F42183E6DB004105FB /* ListModel.swift in Sources */,
				BF855D5821841E2C00117AE0 /* TodoListTableViewController.swift in Sources */,
			);
			runOnlyForDeploymentPostprocessing = 0;
		};
/* End PBXSourcesBuildPhase section */

/* Begin PBXVariantGroup section */
		BF69D3C3217B0E0400C84AC1 /* Main.storyboard */ = {
			isa = PBXVariantGroup;
			children = (
				BF69D3C4217B0E0400C84AC1 /* Base */,
			);
			name = Main.storyboard;
			sourceTree = "<group>";
		};
		BF69D3C8217B0E0A00C84AC1 /* LaunchScreen.storyboard */ = {
			isa = PBXVariantGroup;
			children = (
				BF69D3C9217B0E0A00C84AC1 /* Base */,
			);
			name = LaunchScreen.storyboard;
			sourceTree = "<group>";
		};
/* End PBXVariantGroup section */

/* Begin XCBuildConfiguration section */
		BF69D3CC217B0E0A00C84AC1 /* Debug */ = {
			isa = XCBuildConfiguration;
			buildSettings = {
				ALWAYS_SEARCH_USER_PATHS = NO;
				CLANG_ANALYZER_NONNULL = YES;
				CLANG_ANALYZER_NUMBER_OBJECT_CONVERSION = YES_AGGRESSIVE;
				CLANG_CXX_LANGUAGE_STANDARD = "gnu++14";
				CLANG_CXX_LIBRARY = "libc++";
				CLANG_ENABLE_MODULES = YES;
				CLANG_ENABLE_OBJC_ARC = YES;
				CLANG_ENABLE_OBJC_WEAK = YES;
				CLANG_WARN_BLOCK_CAPTURE_AUTORELEASING = YES;
				CLANG_WARN_BOOL_CONVERSION = YES;
				CLANG_WARN_COMMA = YES;
				CLANG_WARN_CONSTANT_CONVERSION = YES;
				CLANG_WARN_DEPRECATED_OBJC_IMPLEMENTATIONS = YES;
				CLANG_WARN_DIRECT_OBJC_ISA_USAGE = YES_ERROR;
				CLANG_WARN_DOCUMENTATION_COMMENTS = YES;
				CLANG_WARN_EMPTY_BODY = YES;
				CLANG_WARN_ENUM_CONVERSION = YES;
				CLANG_WARN_INFINITE_RECURSION = YES;
				CLANG_WARN_INT_CONVERSION = YES;
				CLANG_WARN_NON_LITERAL_NULL_CONVERSION = YES;
				CLANG_WARN_OBJC_IMPLICIT_RETAIN_SELF = YES;
				CLANG_WARN_OBJC_LITERAL_CONVERSION = YES;
				CLANG_WARN_OBJC_ROOT_CLASS = YES_ERROR;
				CLANG_WARN_RANGE_LOOP_ANALYSIS = YES;
				CLANG_WARN_STRICT_PROTOTYPES = YES;
				CLANG_WARN_SUSPICIOUS_MOVE = YES;
				CLANG_WARN_UNGUARDED_AVAILABILITY = YES_AGGRESSIVE;
				CLANG_WARN_UNREACHABLE_CODE = YES;
				CLANG_WARN__DUPLICATE_METHOD_MATCH = YES;
				CODE_SIGN_IDENTITY = "iPhone Developer";
				COPY_PHASE_STRIP = NO;
				DEBUG_INFORMATION_FORMAT = dwarf;
				ENABLE_STRICT_OBJC_MSGSEND = YES;
				ENABLE_TESTABILITY = YES;
				GCC_C_LANGUAGE_STANDARD = gnu11;
				GCC_DYNAMIC_NO_PIC = NO;
				GCC_NO_COMMON_BLOCKS = YES;
				GCC_OPTIMIZATION_LEVEL = 0;
				GCC_PREPROCESSOR_DEFINITIONS = (
					"DEBUG=1",
					"$(inherited)",
				);
				GCC_WARN_64_TO_32_BIT_CONVERSION = YES;
				GCC_WARN_ABOUT_RETURN_TYPE = YES_ERROR;
				GCC_WARN_UNDECLARED_SELECTOR = YES;
				GCC_WARN_UNINITIALIZED_AUTOS = YES_AGGRESSIVE;
				GCC_WARN_UNUSED_FUNCTION = YES;
				GCC_WARN_UNUSED_VARIABLE = YES;
				IPHONEOS_DEPLOYMENT_TARGET = 12.0;
				MTL_ENABLE_DEBUG_INFO = INCLUDE_SOURCE;
				MTL_FAST_MATH = YES;
				ONLY_ACTIVE_ARCH = YES;
				SDKROOT = iphoneos;
				SWIFT_ACTIVE_COMPILATION_CONDITIONS = DEBUG;
				SWIFT_OPTIMIZATION_LEVEL = "-Onone";
			};
			name = Debug;
		};
		BF69D3CD217B0E0A00C84AC1 /* Release */ = {
			isa = XCBuildConfiguration;
			buildSettings = {
				ALWAYS_SEARCH_USER_PATHS = NO;
				CLANG_ANALYZER_NONNULL = YES;
				CLANG_ANALYZER_NUMBER_OBJECT_CONVERSION = YES_AGGRESSIVE;
				CLANG_CXX_LANGUAGE_STANDARD = "gnu++14";
				CLANG_CXX_LIBRARY = "libc++";
				CLANG_ENABLE_MODULES = YES;
				CLANG_ENABLE_OBJC_ARC = YES;
				CLANG_ENABLE_OBJC_WEAK = YES;
				CLANG_WARN_BLOCK_CAPTURE_AUTORELEASING = YES;
				CLANG_WARN_BOOL_CONVERSION = YES;
				CLANG_WARN_COMMA = YES;
				CLANG_WARN_CONSTANT_CONVERSION = YES;
				CLANG_WARN_DEPRECATED_OBJC_IMPLEMENTATIONS = YES;
				CLANG_WARN_DIRECT_OBJC_ISA_USAGE = YES_ERROR;
				CLANG_WARN_DOCUMENTATION_COMMENTS = YES;
				CLANG_WARN_EMPTY_BODY = YES;
				CLANG_WARN_ENUM_CONVERSION = YES;
				CLANG_WARN_INFINITE_RECURSION = YES;
				CLANG_WARN_INT_CONVERSION = YES;
				CLANG_WARN_NON_LITERAL_NULL_CONVERSION = YES;
				CLANG_WARN_OBJC_IMPLICIT_RETAIN_SELF = YES;
				CLANG_WARN_OBJC_LITERAL_CONVERSION = YES;
				CLANG_WARN_OBJC_ROOT_CLASS = YES_ERROR;
				CLANG_WARN_RANGE_LOOP_ANALYSIS = YES;
				CLANG_WARN_STRICT_PROTOTYPES = YES;
				CLANG_WARN_SUSPICIOUS_MOVE = YES;
				CLANG_WARN_UNGUARDED_AVAILABILITY = YES_AGGRESSIVE;
				CLANG_WARN_UNREACHABLE_CODE = YES;
				CLANG_WARN__DUPLICATE_METHOD_MATCH = YES;
				CODE_SIGN_IDENTITY = "iPhone Developer";
				COPY_PHASE_STRIP = NO;
				DEBUG_INFORMATION_FORMAT = "dwarf-with-dsym";
				ENABLE_NS_ASSERTIONS = NO;
				ENABLE_STRICT_OBJC_MSGSEND = YES;
				GCC_C_LANGUAGE_STANDARD = gnu11;
				GCC_NO_COMMON_BLOCKS = YES;
				GCC_WARN_64_TO_32_BIT_CONVERSION = YES;
				GCC_WARN_ABOUT_RETURN_TYPE = YES_ERROR;
				GCC_WARN_UNDECLARED_SELECTOR = YES;
				GCC_WARN_UNINITIALIZED_AUTOS = YES_AGGRESSIVE;
				GCC_WARN_UNUSED_FUNCTION = YES;
				GCC_WARN_UNUSED_VARIABLE = YES;
				IPHONEOS_DEPLOYMENT_TARGET = 12.0;
				MTL_ENABLE_DEBUG_INFO = NO;
				MTL_FAST_MATH = YES;
				SDKROOT = iphoneos;
				SWIFT_COMPILATION_MODE = wholemodule;
				SWIFT_OPTIMIZATION_LEVEL = "-O";
				VALIDATE_PRODUCT = YES;
			};
			name = Release;
		};
		BF69D3CF217B0E0A00C84AC1 /* Debug */ = {
			isa = XCBuildConfiguration;
			buildSettings = {
				ASSETCATALOG_COMPILER_APPICON_NAME = AppIcon;
				CODE_SIGN_STYLE = Automatic;
				DEVELOPMENT_TEAM = 6X5B26J782;
				INFOPLIST_FILE = TdoList/Info.plist;
				IPHONEOS_DEPLOYMENT_TARGET = 12.0;
				LD_RUNPATH_SEARCH_PATHS = (
					"$(inherited)",
					"@executable_path/Frameworks",
				);
				PRODUCT_BUNDLE_IDENTIFIER = com.nj.TdoList;
				PRODUCT_NAME = "$(TARGET_NAME)";
				SWIFT_VERSION = 4.2;
				TARGETED_DEVICE_FAMILY = "1,2";
			};
			name = Debug;
		};
		BF69D3D0217B0E0A00C84AC1 /* Release */ = {
			isa = XCBuildConfiguration;
			buildSettings = {
				ASSETCATALOG_COMPILER_APPICON_NAME = AppIcon;
				CODE_SIGN_STYLE = Automatic;
				DEVELOPMENT_TEAM = 6X5B26J782;
				INFOPLIST_FILE = TdoList/Info.plist;
				IPHONEOS_DEPLOYMENT_TARGET = 12.0;
				LD_RUNPATH_SEARCH_PATHS = (
					"$(inherited)",
					"@executable_path/Frameworks",
				);
				PRODUCT_BUNDLE_IDENTIFIER = com.nj.TdoList;
				PRODUCT_NAME = "$(TARGET_NAME)";
				SWIFT_VERSION = 4.2;
				TARGETED_DEVICE_FAMILY = "1,2";
			};
			name = Release;
		};
/* End XCBuildConfiguration section */

/* Begin XCConfigurationList section */
		BF69D3B7217B0E0400C84AC1 /* Build configuration list for PBXProject "TdoList" */ = {
			isa = XCConfigurationList;
			buildConfigurations = (
				BF69D3CC217B0E0A00C84AC1 /* Debug */,
				BF69D3CD217B0E0A00C84AC1 /* Release */,
			);
			defaultConfigurationIsVisible = 0;
			defaultConfigurationName = Release;
		};
		BF69D3CE217B0E0A00C84AC1 /* Build configuration list for PBXNativeTarget "TdoList" */ = {
			isa = XCConfigurationList;
			buildConfigurations = (
				BF69D3CF217B0E0A00C84AC1 /* Debug */,
				BF69D3D0217B0E0A00C84AC1 /* Release */,
			);
			defaultConfigurationIsVisible = 0;
			defaultConfigurationName = Release;
		};
/* End XCConfigurationList section */
	};
	rootObject = BF69D3B4217B0E0400C84AC1 /* Project object */;
}
